<?xml version="1.0" encoding="utf-8"?>
<Project ToolsVersion="17.0" xmlns="http://schemas.microsoft.com/developer/msbuild/2003">
  <ItemGroup>
    <ClCompile Include="D:\Projects\Sanctuary\Map Generator\core\ErosionCompute.cpp">
      <Filter>Source Files</Filter>
    </ClCompile>
    <ClCompile Include="D:\Projects\Sanctuary\Map Generator\core\ErosionSimulator.cpp">
      <Filter>Source Files</Filter>
    </ClCompile>
    <ClCompile Include="D:\Projects\Sanctuary\Map Generator\core\FileDialog.cpp">
      <Filter>Source Files</Filter>
    </ClCompile>
    <ClCompile Include="D:\Projects\Sanctuary\Map Generator\core\ImageUtils.cpp">
      <Filter>Source Files</Filter>
    </ClCompile>
    <ClCompile Include="D:\Projects\Sanctuary\Map Generator\core\MapImporter.cpp">
      <Filter>Source Files</Filter>
    </ClCompile>
    <ClCompile Include="D:\Projects\Sanctuary\Map Generator\core\Mask2D.cpp">
      <Filter>Source Files</Filter>
    </ClCompile>
    <ClCompile Include="D:\Projects\Sanctuary\Map Generator\core\PlacementRules.cpp">
      <Filter>Source Files</Filter>
    </ClCompile>
    <ClCompile Include="D:\Projects\Sanctuary\Map Generator\core\SupComImporter.cpp">
      <Filter>Source Files</Filter>
    </ClCompile>
    <ClCompile Include="D:\Projects\Sanctuary\Map Generator\core\TerrainCompute.cpp">
      <Filter>Source Files</Filter>
    </ClCompile>
    <ClCompile Include="D:\Projects\Sanctuary\Map Generator\core\TerrainGenerator.cpp">
      <Filter>Source Files</Filter>
    </ClCompile>
    <ClCompile Include="D:\Projects\Sanctuary\Map Generator\core\TextureLoader.cpp">
      <Filter>Source Files</Filter>
    </ClCompile>
    <ClCompile Include="D:\Projects\Sanctuary\Map Generator\core\UnitParser.cpp">
      <Filter>Source Files</Filter>
    </ClCompile>
    <ClCompile Include="D:\Projects\Sanctuary\Map Generator\core\export\Export_Metadata.cpp">
      <Filter>Source Files</Filter>
    </ClCompile>
    <ClCompile Include="D:\Projects\Sanctuary\Map Generator\core\export\Export_Textures.cpp">
      <Filter>Source Files</Filter>
    </ClCompile>
    <ClCompile Include="D:\Projects\Sanctuary\Map Generator\core\gen\Gen_Erosion.cpp">
      <Filter>Source Files</Filter>
    </ClCompile>
    <ClCompile Include="D:\Projects\Sanctuary\Map Generator\core\gen\Gen_FlowAndAccumulation.cpp">
      <Filter>Source Files</Filter>
    </ClCompile>
    <ClCompile Include="D:\Projects\Sanctuary\Map Generator\core\gen\Gen_Hydraulic.cpp">
      <Filter>Source Files</Filter>
    </ClCompile>
    <ClCompile Include="D:\Projects\Sanctuary\Map Generator\core\gen\Gen_Marker_Placement.cpp">
      <Filter>Source Files</Filter>
    </ClCompile>
    <ClCompile Include="D:\Projects\Sanctuary\Map Generator\core\gen\Gen_Marker_Procedural.cpp">
      <Filter>Source Files</Filter>
    </ClCompile>
    <ClCompile Include="D:\Projects\Sanctuary\Map Generator\core\gen\Gen_Mask_Height.cpp">
      <Filter>Source Files</Filter>
    </ClCompile>
    <ClCompile Include="D:\Projects\Sanctuary\Map Generator\core\gen\Gen_Mask_Slope.cpp">
      <Filter>Source Files</Filter>
    </ClCompile>
    <ClCompile Include="D:\Projects\Sanctuary\Map Generator\core\gen\Gen_Noise.cpp">
      <Filter>Source Files</Filter>
    </ClCompile>
    <ClCompile Include="D:\Projects\Sanctuary\Map Generator\core\gen\Gen_NoiseAndBlend.cpp">
      <Filter>Source Files</Filter>
    </ClCompile>
    <ClCompile Include="D:\Projects\Sanctuary\Map Generator\core\gen\Gen_Placement.cpp">
      <Filter>Source Files</Filter>
    </ClCompile>
    <ClCompile Include="D:\Projects\Sanctuary\Map Generator\core\gen\Gen_Tex_Albedo.cpp">
      <Filter>Source Files</Filter>
    </ClCompile>
    <ClCompile Include="D:\Projects\Sanctuary\Map Generator\core\gen\Gen_Thermal.cpp">
      <Filter>Source Files</Filter>
    </ClCompile>
    <ClCompile Include="D:\Projects\Sanctuary\Map Generator\core\gen\LayerBakeCompute.cpp">
      <Filter>Source Files</Filter>
    </ClCompile>
    <ClCompile Include="D:\Projects\Sanctuary\Map Generator\gui\MaterialTabs.cpp">
      <Filter>Source Files</Filter>
    </ClCompile>
    <ClCompile Include="D:\Projects\Sanctuary\Map Generator\gui\PreviewRenderer.cpp">
      <Filter>Source Files</Filter>
    </ClCompile>
    <ClCompile Include="D:\Projects\Sanctuary\Map Generator\gui\SystemTabs.cpp">
      <Filter>Source Files</Filter>
    </ClCompile>
    <ClCompile Include="D:\Projects\Sanctuary\Map Generator\gui\TerrainTabs.cpp">
      <Filter>Source Files</Filter>
    </ClCompile>
    <ClCompile Include="D:\Projects\Sanctuary\Map Generator\gui\main.cpp">
      <Filter>Source Files</Filter>
    </ClCompile>
    <ClCompile Include="D:\Projects\Sanctuary\Map Generator\gui\tabs\Tab_Areas.cpp">
      <Filter>Source Files</Filter>
    </ClCompile>
    <ClCompile Include="D:\Projects\Sanctuary\Map Generator\gui\tabs\Tab_Armies.cpp">
      <Filter>Source Files</Filter>
    </ClCompile>
    <ClCompile Include="D:\Projects\Sanctuary\Map Generator\gui\tabs\Tab_Atmosphere.cpp">
      <Filter>Source Files</Filter>
    </ClCompile>
    <ClCompile Include="D:\Projects\Sanctuary\Map Generator\gui\tabs\Tab_Markers.cpp">
      <Filter>Source Files</Filter>
    </ClCompile>
    <ClCompile Include="D:\Projects\Sanctuary\Map Generator\gui\tabs\Tab_Props.cpp">
      <Filter>Source Files</Filter>
    </ClCompile>
    <ClCompile Include="D:\Projects\Sanctuary\Map Generator\gui\tabs\Tab_Water.cpp">
      <Filter>Source Files</Filter>
    </ClCompile>
    <ClCompile Include="D:\Projects\Sanctuary\Map Generator\gui\widgets\Widget_AreaEditor.cpp">
      <Filter>Source Files</Filter>
    </ClCompile>
    <ClCompile Include="D:\Projects\Sanctuary\Map Generator\gui\widgets\Widget_LayerManager.cpp">
      <Filter>Source Files</Filter>
    </ClCompile>
    <ClCompile Include="D:\Projects\Sanctuary\Map Generator\gui\widgets\Widget_MapCanvas.cpp">
      <Filter>Source Files</Filter>
    </ClCompile>
    <ClCompile Include="D:\Projects\Sanctuary\Map Generator\core\miniz.c">
      <Filter>Source Files</Filter>
    </ClCompile>
  </ItemGroup>
  <ItemGroup>
    <ClInclude Include="D:\Projects\Sanctuary\Map Generator\core\ErosionCompute.h">
      <Filter>Header Files</Filter>
    </ClInclude>
    <ClInclude Include="D:\Projects\Sanctuary\Map Generator\core\ErosionSimulator.h">
      <Filter>Header Files</Filter>
    </ClInclude>
    <ClInclude Include="D:\Projects\Sanctuary\Map Generator\core\FastNoiseLite.h">
      <Filter>Header Files</Filter>
    </ClInclude>
    <ClInclude Include="D:\Projects\Sanctuary\Map Generator\core\FileDialog.h">
      <Filter>Header Files</Filter>
    </ClInclude>
    <ClInclude Include="D:\Projects\Sanctuary\Map Generator\core\MapImporter.h">
      <Filter>Header Files</Filter>
    </ClInclude>
    <ClInclude Include="D:\Projects\Sanctuary\Map Generator\core\Mask2D.h">
      <Filter>Header Files</Filter>
    </ClInclude>
    <ClInclude Include="D:\Projects\Sanctuary\Map Generator\core\Parameters.h">
      <Filter>Header Files</Filter>
    </ClInclude>
    <ClInclude Include="D:\Projects\Sanctuary\Map Generator\core\PlacementRules.h">
      <Filter>Header Files</Filter>
    </ClInclude>
    <ClInclude Include="D:\Projects\Sanctuary\Map Generator\core\SupComImporter.h">
      <Filter>Header Files</Filter>
    </ClInclude>
    <ClInclude Include="D:\Projects\Sanctuary\Map Generator\core\TerrainCompute.h">
      <Filter>Header Files</Filter>
    </ClInclude>
    <ClInclude Include="D:\Projects\Sanctuary\Map Generator\core\TerrainGenerator.h">
      <Filter>Header Files</Filter>
    </ClInclude>
    <ClInclude Include="D:\Projects\Sanctuary\Map Generator\core\TextureLoader.h">
      <Filter>Header Files</Filter>
    </ClInclude>
    <ClInclude Include="D:\Projects\Sanctuary\Map Generator\core\UnitParser.h">
      <Filter>Header Files</Filter>
    </ClInclude>
    <ClInclude Include="D:\Projects\Sanctuary\Map Generator\core\data\GenParams_Atmosphere.h">
      <Filter>Header Files</Filter>
    </ClInclude>
    <ClInclude Include="D:\Projects\Sanctuary\Map Generator\core\data\GenParams_Flow.h">
      <Filter>Header Files</Filter>
    </ClInclude>
    <ClInclude Include="D:\Projects\Sanctuary\Map Generator\core\data\GenParams_Water.h">
      <Filter>Header Files</Filter>
    </ClInclude>
    <ClInclude Include="D:\Projects\Sanctuary\Map Generator\core\data\LayerType_Fixed.h">
      <Filter>Header Files</Filter>
    </ClInclude>
    <ClInclude Include="D:\Projects\Sanctuary\Map Generator\core\data\LayerType_Manual.h">
      <Filter>Header Files</Filter>
    </ClInclude>
    <ClInclude Include="D:\Projects\Sanctuary\Map Generator\core\data\LayerType_Procedural.h">
      <Filter>Header Files</Filter>
    </ClInclude>
    <ClInclude Include="D:\Projects\Sanctuary\Map Generator\core\data\MarkerType_Rule.h">
      <Filter>Header Files</Filter>
    </ClInclude>
    <ClInclude Include="D:\Projects\Sanctuary\Map Generator\core\data\MarkerType_Transform.h">
      <Filter>Header Files</Filter>
    </ClInclude>
    <ClInclude Include="D:\Projects\Sanctuary\Map Generator\core\data\TerrainType_Decal.h">
      <Filter>Header Files</Filter>
    </ClInclude>
    <ClInclude Include="D:\Projects\Sanctuary\Map Generator\core\data\TerrainType_Prop.h">
      <Filter>Header Files</Filter>
    </ClInclude>
    <ClInclude Include="D:\Projects\Sanctuary\Map Generator\core\data\TerrainType_Splat.h">
      <Filter>Header Files</Filter>
    </ClInclude>
    <ClInclude Include="D:\Projects\Sanctuary\Map Generator\core\data\TerrainType_Stratum.h">
      <Filter>Header Files</Filter>
    </ClInclude>
    <ClInclude Include="D:\Projects\Sanctuary\Map Generator\core\export\Export_Metadata.h">
      <Filter>Header Files</Filter>
    </ClInclude>
    <ClInclude Include="D:\Projects\Sanctuary\Map Generator\core\export\Export_Textures.h">
      <Filter>Header Files</Filter>
    </ClInclude>
    <ClInclude Include="D:\Projects\Sanctuary\Map Generator\core\gen\Gen_Erosion.h">
      <Filter>Header Files</Filter>
    </ClInclude>
    <ClInclude Include="D:\Projects\Sanctuary\Map Generator\core\gen\Gen_FlowAndAccumulation.h">
      <Filter>Header Files</Filter>
    </ClInclude>
    <ClInclude Include="D:\Projects\Sanctuary\Map Generator\core\gen\Gen_Hydraulic.h">
      <Filter>Header Files</Filter>
    </ClInclude>
    <ClInclude Include="D:\Projects\Sanctuary\Map Generator\core\gen\Gen_Marker_Placement.h">
      <Filter>Header Files</Filter>
    </ClInclude>
    <ClInclude Include="D:\Projects\Sanctuary\Map Generator\core\gen\Gen_Marker_Procedural.h">
      <Filter>Header Files</Filter>
    </ClInclude>
    <ClInclude Include="D:\Projects\Sanctuary\Map Generator\core\gen\Gen_Mask_Height.h">
      <Filter>Header Files</Filter>
    </ClInclude>
    <ClInclude Include="D:\Projects\Sanctuary\Map Generator\core\gen\Gen_Mask_Slope.h">
      <Filter>Header Files</Filter>
    </ClInclude>
    <ClInclude Include="D:\Projects\Sanctuary\Map Generator\core\gen\Gen_Noise.h">
      <Filter>Header Files</Filter>
    </ClInclude>
    <ClInclude Include="D:\Projects\Sanctuary\Map Generator\core\gen\Gen_NoiseAndBlend.h">
      <Filter>Header Files</Filter>
    </ClInclude>
    <ClInclude Include="D:\Projects\Sanctuary\Map Generator\core\gen\Gen_Placement.h">
      <Filter>Header Files</Filter>
    </ClInclude>
    <ClInclude Include="D:\Projects\Sanctuary\Map Generator\core\gen\Gen_Tex_Albedo.h">
      <Filter>Header Files</Filter>
    </ClInclude>
    <ClInclude Include="D:\Projects\Sanctuary\Map Generator\core\gen\Gen_Thermal.h">
      <Filter>Header Files</Filter>
    </ClInclude>
    <ClInclude Include="D:\Projects\Sanctuary\Map Generator\core\gen\LayerBakeCompute.h">
      <Filter>Header Files</Filter>
    </ClInclude>
    <ClInclude Include="D:\Projects\Sanctuary\Map Generator\core\math\Sanmath_FastMath.h">
      <Filter>Header Files</Filter>
    </ClInclude>
    <ClInclude Include="D:\Projects\Sanctuary\Map Generator\core\math\Sanmath_Morton.h">
      <Filter>Header Files</Filter>
    </ClInclude>
    <ClInclude Include="D:\Projects\Sanctuary\Map Generator\core\math\Sanmath_SIMD.h">
      <Filter>Header Files</Filter>
    </ClInclude>
    <ClInclude Include="D:\Projects\Sanctuary\Map Generator\core\math\Sanmath_Spatial.h">
      <Filter>Header Files</Filter>
    </ClInclude>
    <ClInclude Include="D:\Projects\Sanctuary\Map Generator\core\miniz.h">
      <Filter>Header Files</Filter>
    </ClInclude>
    <ClInclude Include="D:\Projects\Sanctuary\Map Generator\core\params\Params_Enums.h">
      <Filter>Header Files</Filter>
    </ClInclude>
    <ClInclude Include="D:\Projects\Sanctuary\Map Generator\core\params\Params_Environment.h">
      <Filter>Header Files</Filter>
    </ClInclude>
    <ClInclude Include="D:\Projects\Sanctuary\Map Generator\core\params\Params_ErosionFlow.h">
      <Filter>Header Files</Filter>
    </ClInclude>
    <ClInclude Include="D:\Projects\Sanctuary\Map Generator\core\params\Params_Geometry.h">
      <Filter>Header Files</Filter>
    </ClInclude>
    <ClInclude Include="D:\Projects\Sanctuary\Map Generator\core\params\Params_Gradients.h">
      <Filter>Header Files</Filter>
    </ClInclude>
    <ClInclude Include="D:\Projects\Sanctuary\Map Generator\core\stb_image.h">
      <Filter>Header Files</Filter>
    </ClInclude>
    <ClInclude Include="D:\Projects\Sanctuary\Map Generator\core\stb_image_write.h">
      <Filter>Header Files</Filter>
    </ClInclude>
    <ClInclude Include="D:\Projects\Sanctuary\Map Generator\gui\PreviewRenderer.h">
      <Filter>Header Files</Filter>
    </ClInclude>
    <ClInclude Include="D:\Projects\Sanctuary\Map Generator\gui\UIHelpers.h">
      <Filter>Header Files</Filter>
    </ClInclude>
    <ClInclude Include="D:\Projects\Sanctuary\Map Generator\gui\UITabs.h">
      <Filter>Header Files</Filter>
    </ClInclude>
    <ClInclude Include="D:\Projects\Sanctuary\Map Generator\gui\widgets\VirtualListRenderer.h">
      <Filter>Header Files</Filter>
    </ClInclude>
    <ClInclude Include="D:\Projects\Sanctuary\Map Generator\gui\widgets\Widget_AreaEditor.h">
      <Filter>Header Files</Filter>
    </ClInclude>
    <ClInclude Include="D:\Projects\Sanctuary\Map Generator\gui\widgets\Widget_LayerManager.h">
      <Filter>Header Files</Filter>
    </ClInclude>
    <ClInclude Include="D:\Projects\Sanctuary\Map Generator\gui\widgets\Widget_MapCanvas.h">
      <Filter>Header Files</Filter>
    </ClInclude>
  </ItemGroup>
  <ItemGroup>
    <CustomBuild Include="D:\Projects\Sanctuary\Map Generator\CMakeLists.txt" />
  </ItemGroup>
  <ItemGroup>
    <Natvis Include="D:\Projects\Sanctuary\Map Generator\build_step40c\_deps\json-src\nlohmann_json.natvis" />
  </ItemGroup>
  <ItemGroup>
    <Filter Include="Header Files">
      <UniqueIdentifier>{6DE21731-E907-32B2-A978-51A1028A762D}</UniqueIdentifier>
    </Filter>
    <Filter Include="Source Files">
      <UniqueIdentifier>{3E6288DA-3653-3FA8-BFE5-097529559BD1}</UniqueIdentifier>
    </Filter>
  </ItemGroup>
</Project>
